PODS:
  - Flutter (1.0.0)
  - flutter_keyboard_visibility (0.0.1):
    - Flutter
  - pointer_interceptor_ios (0.0.1):
    - Flutter

DEPENDENCIES:
  - Flutter (from `Flutter`)
  - flutter_keyboard_visibility (from `.symlinks/plugins/flutter_keyboard_visibility/ios`)
  - pointer_interceptor_ios (from `.symlinks/plugins/pointer_interceptor_ios/ios`)

EXTERNAL SOURCES:
  Flutter:
    :path: Flutter
  flutter_keyboard_visibility:
    :path: ".symlinks/plugins/flutter_keyboard_visibility/ios"
  pointer_interceptor_ios:
    :path: ".symlinks/plugins/pointer_interceptor_ios/ios"

SPEC CHECKSUMS:
  Flutter: e0871f40cf51350855a761d2e70bf5af5b9b5de7
  flutter_keyboard_visibility: 0339d06371254c3eb25eeb90ba8d17dca8f9c069
  pointer_interceptor_ios: 508241697ff0947f853c061945a8b822463947c1

PODFILE CHECKSUM: c4c93c5f6502fe2754f48404d3594bf779584011

COCOAPODS: 1.16.2
