PODS:
  - Flutter (1.0.0)
  - fluttercontactpicker (5.0.0):
    - Flutter

DEPENDENCIES:
  - Flutter (from `Flutter`)
  - fluttercontactpicker (from `.symlinks/plugins/fluttercontactpicker/ios`)

EXTERNAL SOURCES:
  Flutter:
    :path: Flutter
  fluttercontactpicker:
    :path: ".symlinks/plugins/fluttercontactpicker/ios"

SPEC CHECKSUMS:
  Flutter: e0871f40cf51350855a761d2e70bf5af5b9b5de7
  fluttercontactpicker: 2c60b213b2a3e0e9e43dcf225e34ce0e407cda41

PODFILE CHECKSUM: c4c93c5f6502fe2754f48404d3594bf779584011

COCOAPODS: 1.15.2
